// !$*UTF8*$!
{
	archiveVersion = 1;
	classes = {
	};
	objectVersion = 77;
	objects = {

/* Begin PBXBuildFile section */
		5AEB96912F1FBA3A0011649C /* HelloProvider.swift in Sources */ = {isa = PBXBuildFile; fileRef = 5AEB96902F1FB9020011649C /* HelloProvider.swift */; };
		5AEB96A32F1FCF9F0011649C /* PauseWatch Watch App.app in Embed Watch Content */ = {isa = PBXBuildFile; fileRef = 5AEB96992F1FCF9E0011649C /* PauseWatch Watch App.app */; settings = {ATTRIBUTES = (RemoveHeadersOnCopy, ); }; };
		5AEB96A82F1FD0040011649C /* HelloProvider.swift in Sources */ = {isa = PBXBuildFile; fileRef = 5AEB96902F1FB9020011649C /* HelloProvider.swift */; };
		5AEB96B62F20D6010011649C /* BreathingSession.swift in Sources */ = {isa = PBXBuildFile; fileRef = 5AEB96B52F20D5F40011649C /* BreathingSession.swift */; };
		5AEB96B72F20D6010011649C /* BreathingSession.swift in Sources */ = {isa = PBXBuildFile; fileRef = 5AEB96B52F20D5F40011649C /* BreathingSession.swift */; };
		5AEB96CE2F24F9CC0011649C /* 设计文档.md in Resources */ = {isa = PBXBuildFile; fileRef = 5AEB96CD2F24F9BD0011649C /* 设计文档.md */; };
		5AEB96D12F250BFA0011649C /* 架构设计.md in Resources */ = {isa = PBXBuildFile; fileRef = 5AEB96D02F250BEF0011649C /* 架构设计.md */; };
		5AEB96DB2F250D510011649C /* 同步协议与时序规范.md in Resources */ = {isa = PBXBuildFile; fileRef = 5AEB96DA2F250D4D0011649C /* 同步协议与时序规范.md */; };
		5AEB96DD2F2663600011649C /* 接口文档.md in Resources */ = {isa = PBXBuildFile; fileRef = 5AEB96DC2F2663520011649C /* 接口文档.md */; };
/* End PBXBuildFile section */

/* Begin PBXContainerItemProxy section */
		5AEB96A12F1FCF9F0011649C /* PBXContainerItemProxy */ = {
			isa = PBXContainerItemProxy;
			containerPortal = 5A268BE82F1FAA43008653D3 /* Project object */;
			proxyType = 1;
			remoteGlobalIDString = 5AEB96982F1FCF9E0011649C;
			remoteInfo = "PauseWatch Watch App";
		};
/* End PBXContainerItemProxy section */

/* Begin PBXCopyFilesBuildPhase section */
		5AEB96A72F1FCF9F0011649C /* Embed Watch Content */ = {
			isa = PBXCopyFilesBuildPhase;
			buildActionMask = 2147483647;
			dstPath = "$(CONTENTS_FOLDER_PATH)/Watch";
			dstSubfolderSpec = 16;
			files = (
				5AEB96A32F1FCF9F0011649C /* PauseWatch Watch App.app in Embed Watch Content */,
			);
			name = "Embed Watch Content";
			runOnlyForDeploymentPostprocessing = 0;
		};
/* End PBXCopyFilesBuildPhase section */

/* Begin PBXFileReference section */
		5A268BF02F1FAA43008653D3 /* Pause.app */ = {isa = PBXFileReference; explicitFileType = wrapper.application; includeInIndex = 0; path = Pause.app; sourceTree = BUILT_PRODUCTS_DIR; };
		5AEB96902F1FB9020011649C /* HelloProvider.swift */ = {isa = PBXFileReference; lastKnownFileType = sourcecode.swift; path = HelloProvider.swift; sourceTree = "<group>"; };
		5AEB96992F1FCF9E0011649C /* PauseWatch Watch App.app */ = {isa = PBXFileReference; explicitFileType = wrapper.application; includeInIndex = 0; path = "PauseWatch Watch App.app"; sourceTree = BUILT_PRODUCTS_DIR; };
		5AEB96B52F20D5F40011649C /* BreathingSession.swift */ = {isa = PBXFileReference; lastKnownFileType = sourcecode.swift; path = BreathingSession.swift; sourceTree = "<group>"; };
		5AEB96CD2F24F9BD0011649C /* 设计文档.md */ = {isa = PBXFileReference; lastKnownFileType = net.daringfireball.markdown; path = "设计文档.md"; sourceTree = "<group>"; };
		5AEB96D02F250BEF0011649C /* 架构设计.md */ = {isa = PBXFileReference; lastKnownFileType = net.daringfireball.markdown; path = "架构设计.md"; sourceTree = "<group>"; };
		5AEB96DA2F250D4D0011649C /* 同步协议与时序规范.md */ = {isa = PBXFileReference; lastKnownFileType = net.daringfireball.markdown; path = "同步协议与时序规范.md"; sourceTree = "<group>"; };
		5AEB96DC2F2663520011649C /* 接口文档.md */ = {isa = PBXFileReference; lastKnownFileType = net.daringfireball.markdown; path = "接口文档.md"; sourceTree = "<group>"; };
/* End PBXFileReference section */

/* Begin PBXFileSystemSynchronizedBuildFileExceptionSet section */
		5AEB96BF2F210DD00011649C /* Exceptions for "PauseWatch Watch App" folder in "PauseWatch Watch App" target */ = {
			isa = PBXFileSystemSynchronizedBuildFileExceptionSet;
			membershipExceptions = (
				Untitled.swift,
			);
			target = 5AEB96982F1FCF9E0011649C /* PauseWatch Watch App */;
		};
/* End PBXFileSystemSynchronizedBuildFileExceptionSet section */

/* Begin PBXFileSystemSynchronizedRootGroup section */
		5A268BF22F1FAA43008653D3 /* Pause */ = {
			isa = PBXFileSystemSynchronizedRootGroup;
			path = Pause;
			sourceTree = "<group>";
		};
		5AEB969A2F1FCF9E0011649C /* PauseWatch Watch App */ = {
			isa = PBXFileSystemSynchronizedRootGroup;
			exceptions = (
				5AEB96BF2F210DD00011649C /* Exceptions for "PauseWatch Watch App" folder in "PauseWatch Watch App" target */,
			);
			path = "PauseWatch Watch App";
			sourceTree = "<group>";
		};
/* End PBXFileSystemSynchronizedRootGroup section */

/* Begin PBXFrameworksBuildPhase section */
		5A268BED2F1FAA43008653D3 /* Frameworks */ = {
			isa = PBXFrameworksBuildPhase;
			buildActionMask = 2147483647;
			files = (
			);
			runOnlyForDeploymentPostprocessing = 0;
		};
		5AEB96962F1FCF9E0011649C /* Frameworks */ = {
			isa = PBXFrameworksBuildPhase;
			buildActionMask = 2147483647;
			files = (
			);
			runOnlyForDeploymentPostprocessing = 0;
		};
/* End PBXFrameworksBuildPhase section */

/* Begin PBXGroup section */
		5A268BE72F1FAA43008653D3 = {
			isa = PBXGroup;
			children = (
				5AEB96DC2F2663520011649C /* 接口文档.md */,
				5AEB96D02F250BEF0011649C /* 架构设计.md */,
				5AEB96DA2F250D4D0011649C /* 同步协议与时序规范.md */,
				5AEB96CD2F24F9BD0011649C /* 设计文档.md */,
				5AEB968F2F1FB8D20011649C /* Shared */,
				5A268BF22F1FAA43008653D3 /* Pause */,
				5AEB969A2F1FCF9E0011649C /* PauseWatch Watch App */,
				5A268BF12F1FAA43008653D3 /* Products */,
			);
			sourceTree = "<group>";
		};
		5A268BF12F1FAA43008653D3 /* Products */ = {
			isa = PBXGroup;
			children = (
				5A268BF02F1FAA43008653D3 /* Pause.app */,
				5AEB96992F1FCF9E0011649C /* PauseWatch Watch App.app */,
			);
			name = Products;
			sourceTree = "<group>";
		};
		5AEB968F2F1FB8D20011649C /* Shared */ = {
			isa = PBXGroup;
			children = (
				5AEB96B52F20D5F40011649C /* BreathingSession.swift */,
				5AEB96902F1FB9020011649C /* HelloProvider.swift */,
			);
			path = Shared;
			sourceTree = "<group>";
		};
/* End PBXGroup section */

/* Begin PBXNativeTarget section */
		5A268BEF2F1FAA43008653D3 /* Pause */ = {
			isa = PBXNativeTarget;
			buildConfigurationList = 5A268BFB2F1FAA44008653D3 /* Build configuration list for PBXNativeTarget "Pause" */;
			buildPhases = (
				5A268BEC2F1FAA43008653D3 /* Sources */,
				5A268BED2F1FAA43008653D3 /* Frameworks */,
				5A268BEE2F1FAA43008653D3 /* Resources */,
				5AEB96A72F1FCF9F0011649C /* Embed Watch Content */,
			);
			buildRules = (
			);
			dependencies = (
				5AEB96A22F1FCF9F0011649C /* PBXTargetDependency */,
			);
			fileSystemSynchronizedGroups = (
				5A268BF22F1FAA43008653D3 /* Pause */,
			);
			name = Pause;
			packageProductDependencies = (
			);
			productName = Pause;
			productReference = 5A268BF02F1FAA43008653D3 /* Pause.app */;
			productType = "com.apple.product-type.application";
		};
		5AEB96982F1FCF9E0011649C /* PauseWatch Watch App */ = {
			isa = PBXNativeTarget;
			buildConfigurationList = 5AEB96A42F1FCF9F0011649C /* Build configuration list for PBXNativeTarget "PauseWatch Watch App" */;
			buildPhases = (
				5AEB96952F1FCF9E0011649C /* Sources */,
				5AEB96962F1FCF9E0011649C /* Frameworks */,
				5AEB96972F1FCF9E0011649C /* Resources */,
			);
			buildRules = (
			);
			dependencies = (
			);
			fileSystemSynchronizedGroups = (
				5AEB969A2F1FCF9E0011649C /* PauseWatch Watch App */,
			);
			name = "PauseWatch Watch App";
			packageProductDependencies = (
			);
			productName = "PauseWatch Watch App";
			productReference = 5AEB96992F1FCF9E0011649C /* PauseWatch Watch App.app */;
			productType = "com.apple.product-type.application";
		};
/* End PBXNativeTarget section */

/* Begin PBXProject section */
		5A268BE82F1FAA43008653D3 /* Project object */ = {
			isa = PBXProject;
			attributes = {
				BuildIndependentTargetsInParallel = 1;
				LastSwiftUpdateCheck = 2620;
				LastUpgradeCheck = 2620;
				TargetAttributes = {
					5A268BEF2F1FAA43008653D3 = {
						CreatedOnToolsVersion = 26.2;
					};
					5AEB96982F1FCF9E0011649C = {
						CreatedOnToolsVersion = 26.2;
					};
				};
			};
			buildConfigurationList = 5A268BEB2F1FAA43008653D3 /* Build configuration list for PBXProject "Pause" */;
			developmentRegion = en;
			hasScannedForEncodings = 0;
			knownRegions = (
				en,
				Base,
			);
			mainGroup = 5A268BE72F1FAA43008653D3;
			minimizedProjectReferenceProxies = 1;
			preferredProjectObjectVersion = 77;
			productRefGroup = 5A268BF12F1FAA43008653D3 /* Products */;
			projectDirPath = "";
			projectRoot = "";
			targets = (
				5A268BEF2F1FAA43008653D3 /* Pause */,
				5AEB96982F1FCF9E0011649C /* PauseWatch Watch App */,
			);
		};
/* End PBXProject section */

/* Begin PBXResourcesBuildPhase section */
		5A268BEE2F1FAA43008653D3 /* Resources */ = {
			isa = PBXResourcesBuildPhase;
			buildActionMask = 2147483647;
			files = (
				5AEB96DD2F2663600011649C /* 接口文档.md in Resources */,
				5AEB96D12F250BFA0011649C /* 架构设计.md in Resources */,
				5AEB96CE2F24F9CC0011649C /* 设计文档.md in Resources */,
				5AEB96DB2F250D510011649C /* 同步协议与时序规范.md in Resources */,
			);
			runOnlyForDeploymentPostprocessing = 0;
		};
		5AEB96972F1FCF9E0011649C /* Resources */ = {
			isa = PBXResourcesBuildPhase;
			buildActionMask = 2147483647;
			files = (
			);
			runOnlyForDeploymentPostprocessing = 0;
		};
/* End PBXResourcesBuildPhase section */

/* Begin PBXSourcesBuildPhase section */
		5A268BEC2F1FAA43008653D3 /* Sources */ = {
			isa = PBXSourcesBuildPhase;
			buildActionMask = 2147483647;
			files = (
				5AEB96B62F20D6010011649C /* BreathingSession.swift in Sources */,
				5AEB96912F1FBA3A0011649C /* HelloProvider.swift in Sources */,
			);
			runOnlyForDeploymentPostprocessing = 0;
		};
		5AEB96952F1FCF9E0011649C /* Sources */ = {
			isa = PBXSourcesBuildPhase;
			buildActionMask = 2147483647;
			files = (
				5AEB96B72F20D6010011649C /* BreathingSession.swift in Sources */,
				5AEB96A82F1FD0040011649C /* HelloProvider.swift in Sources */,
			);
			runOnlyForDeploymentPostprocessing = 0;
		};
/* End PBXSourcesBuildPhase section */

/* Begin PBXTargetDependency section */
		5AEB96A22F1FCF9F0011649C /* PBXTargetDependency */ = {
			isa = PBXTargetDependency;
			target = 5AEB96982F1FCF9E0011649C /* PauseWatch Watch App */;
			targetProxy = 5AEB96A12F1FCF9F0011649C /* PBXContainerItemProxy */;
		};
/* End PBXTargetDependency section */

/* Begin XCBuildConfiguration section */
		5A268BF92F1FAA44008653D3 /* Debug */ = {
			isa = XCBuildConfiguration;
			buildSettings = {
				ALWAYS_SEARCH_USER_PATHS = NO;
				ASSETCATALOG_COMPILER_GENERATE_SWIFT_ASSET_SYMBOL_EXTENSIONS = YES;
				CLANG_ANALYZER_NONNULL = YES;
				CLANG_ANALYZER_NUMBER_OBJECT_CONVERSION = YES_AGGRESSIVE;
				CLANG_CXX_LANGUAGE_STANDARD = "gnu++20";
				CLANG_ENABLE_MODULES = YES;
				CLANG_ENABLE_OBJC_ARC = YES;
				CLANG_ENABLE_OBJC_WEAK = YES;
				CLANG_WARN_BLOCK_CAPTURE_AUTORELEASING = YES;
				CLANG_WARN_BOOL_CONVERSION = YES;
				CLANG_WARN_COMMA = YES;
				CLANG_WARN_CONSTANT_CONVERSION = YES;
				CLANG_WARN_DEPRECATED_OBJC_IMPLEMENTATIONS = YES;
				CLANG_WARN_DIRECT_OBJC_ISA_USAGE = YES_ERROR;
				CLANG_WARN_DOCUMENTATION_COMMENTS = YES;
				CLANG_WARN_EMPTY_BODY = YES;
				CLANG_WARN_ENUM_CONVERSION = YES;
				CLANG_WARN_INFINITE_RECURSION = YES;
				CLANG_WARN_INT_CONVERSION = YES;
				CLANG_WARN_NON_LITERAL_NULL_CONVERSION = YES;
				CLANG_WARN_OBJC_IMPLICIT_RETAIN_SELF = YES;
				CLANG_WARN_OBJC_LITERAL_CONVERSION = YES;
				CLANG_WARN_OBJC_ROOT_CLASS = YES_ERROR;
				CLANG_WARN_QUOTED_INCLUDE_IN_FRAMEWORK_HEADER = YES;
				CLANG_WARN_RANGE_LOOP_ANALYSIS = YES;
				CLANG_WARN_STRICT_PROTOTYPES = YES;
				CLANG_WARN_SUSPICIOUS_MOVE = YES;
				CLANG_WARN_UNGUARDED_AVAILABILITY = YES_AGGRESSIVE;
				CLANG_WARN_UNREACHABLE_CODE = YES;
				CLANG_WARN__DUPLICATE_METHOD_MATCH = YES;
				COPY_PHASE_STRIP = NO;
				DEBUG_INFORMATION_FORMAT = dwarf;
				ENABLE_STRICT_OBJC_MSGSEND = YES;
				ENABLE_TESTABILITY = YES;
				ENABLE_USER_SCRIPT_SANDBOXING = YES;
				GCC_C_LANGUAGE_STANDARD = gnu17;
				GCC_DYNAMIC_NO_PIC = NO;
				GCC_NO_COMMON_BLOCKS = YES;
				GCC_OPTIMIZATION_LEVEL = 0;
				GCC_PREPROCESSOR_DEFINITIONS = (
					"DEBUG=1",
					"$(inherited)",
				);
				GCC_WARN_64_TO_32_BIT_CONVERSION = YES;
				GCC_WARN_ABOUT_RETURN_TYPE = YES_ERROR;
				GCC_WARN_UNDECLARED_SELECTOR = YES;
				GCC_WARN_UNINITIALIZED_AUTOS = YES_AGGRESSIVE;
				GCC_WARN_UNUSED_FUNCTION = YES;
				GCC_WARN_UNUSED_VARIABLE = YES;
				LOCALIZATION_PREFERS_STRING_CATALOGS = YES;
				MTL_ENABLE_DEBUG_INFO = INCLUDE_SOURCE;
				MTL_FAST_MATH = YES;
				ONLY_ACTIVE_ARCH = YES;
				SWIFT_ACTIVE_COMPILATION_CONDITIONS = "DEBUG $(inherited)";
				SWIFT_OPTIMIZATION_LEVEL = "-Onone";
			};
			name = Debug;
		};
		5A268BFA2F1FAA44008653D3 /* Release */ = {
			isa = XCBuildConfiguration;
			buildSettings = {
				ALWAYS_SEARCH_USER_PATHS = NO;
				ASSETCATALOG_COMPILER_GENERATE_SWIFT_ASSET_SYMBOL_EXTENSIONS = YES;
				CLANG_ANALYZER_NONNULL = YES;
				CLANG_ANALYZER_NUMBER_OBJECT_CONVERSION = YES_AGGRESSIVE;
				CLANG_CXX_LANGUAGE_STANDARD = "gnu++20";
				CLANG_ENABLE_MODULES = YES;
				CLANG_ENABLE_OBJC_ARC = YES;
				CLANG_ENABLE_OBJC_WEAK = YES;
				CLANG_WARN_BLOCK_CAPTURE_AUTORELEASING = YES;
				CLANG_WARN_BOOL_CONVERSION = YES;
				CLANG_WARN_COMMA = YES;
				CLANG_WARN_CONSTANT_CONVERSION = YES;
				CLANG_WARN_DEPRECATED_OBJC_IMPLEMENTATIONS = YES;
				CLANG_WARN_DIRECT_OBJC_ISA_USAGE = YES_ERROR;
				CLANG_WARN_DOCUMENTATION_COMMENTS = YES;
				CLANG_WARN_EMPTY_BODY = YES;
				CLANG_WARN_ENUM_CONVERSION = YES;
				CLANG_WARN_INFINITE_RECURSION = YES;
				CLANG_WARN_INT_CONVERSION = YES;
				CLANG_WARN_NON_LITERAL_NULL_CONVERSION = YES;
				CLANG_WARN_OBJC_IMPLICIT_RETAIN_SELF = YES;
				CLANG_WARN_OBJC_LITERAL_CONVERSION = YES;
				CLANG_WARN_OBJC_ROOT_CLASS = YES_ERROR;
				CLANG_WARN_QUOTED_INCLUDE_IN_FRAMEWORK_HEADER = YES;
				CLANG_WARN_RANGE_LOOP_ANALYSIS = YES;
				CLANG_WARN_STRICT_PROTOTYPES = YES;
				CLANG_WARN_SUSPICIOUS_MOVE = YES;
				CLANG_WARN_UNGUARDED_AVAILABILITY = YES_AGGRESSIVE;
				CLANG_WARN_UNREACHABLE_CODE = YES;
				CLANG_WARN__DUPLICATE_METHOD_MATCH = YES;
				COPY_PHASE_STRIP = NO;
				DEBUG_INFORMATION_FORMAT = "dwarf-with-dsym";
				ENABLE_NS_ASSERTIONS = NO;
				ENABLE_STRICT_OBJC_MSGSEND = YES;
				ENABLE_USER_SCRIPT_SANDBOXING = YES;
				GCC_C_LANGUAGE_STANDARD = gnu17;
				GCC_NO_COMMON_BLOCKS = YES;
				GCC_WARN_64_TO_32_BIT_CONVERSION = YES;
				GCC_WARN_ABOUT_RETURN_TYPE = YES_ERROR;
				GCC_WARN_UNDECLARED_SELECTOR = YES;
				GCC_WARN_UNINITIALIZED_AUTOS = YES_AGGRESSIVE;
				GCC_WARN_UNUSED_FUNCTION = YES;
				GCC_WARN_UNUSED_VARIABLE = YES;
				LOCALIZATION_PREFERS_STRING_CATALOGS = YES;
				MTL_ENABLE_DEBUG_INFO = NO;
				MTL_FAST_MATH = YES;
				SWIFT_COMPILATION_MODE = wholemodule;
			};
			name = Release;
		};
		5A268BFC2F1FAA44008653D3 /* Debug */ = {
			isa = XCBuildConfiguration;
			buildSettings = {
				ASSETCATALOG_COMPILER_APPICON_NAME = AppIcon;
				ASSETCATALOG_COMPILER_GLOBAL_ACCENT_COLOR_NAME = AccentColor;
				CODE_SIGN_ENTITLEMENTS = Pause/Pause.entitlements;
				CODE_SIGN_STYLE = Automatic;
				CURRENT_PROJECT_VERSION = 1;
				ENABLE_APP_SANDBOX = YES;
				ENABLE_PREVIEWS = YES;
				ENABLE_USER_SELECTED_FILES = readonly;
				GENERATE_INFOPLIST_FILE = YES;
				"INFOPLIST_KEY_UIApplicationSceneManifest_Generation[sdk=iphoneos*]" = YES;
				"INFOPLIST_KEY_UIApplicationSceneManifest_Generation[sdk=iphonesimulator*]" = YES;
				"INFOPLIST_KEY_UIApplicationSupportsIndirectInputEvents[sdk=iphoneos*]" = YES;
				"INFOPLIST_KEY_UIApplicationSupportsIndirectInputEvents[sdk=iphonesimulator*]" = YES;
				"INFOPLIST_KEY_UILaunchScreen_Generation[sdk=iphoneos*]" = YES;
				"INFOPLIST_KEY_UILaunchScreen_Generation[sdk=iphonesimulator*]" = YES;
				"INFOPLIST_KEY_UIStatusBarStyle[sdk=iphoneos*]" = UIStatusBarStyleDefault;
				"INFOPLIST_KEY_UIStatusBarStyle[sdk=iphonesimulator*]" = UIStatusBarStyleDefault;
				INFOPLIST_KEY_UISupportedInterfaceOrientations_iPad = "UIInterfaceOrientationPortrait UIInterfaceOrientationPortraitUpsideDown UIInterfaceOrientationLandscapeLeft UIInterfaceOrientationLandscapeRight";
				INFOPLIST_KEY_UISupportedInterfaceOrientations_iPhone = "UIInterfaceOrientationPortrait UIInterfaceOrientationLandscapeLeft UIInterfaceOrientationLandscapeRight";
				IPHONEOS_DEPLOYMENT_TARGET = 26.2;
				LD_RUNPATH_SEARCH_PATHS = "@executable_path/Frameworks";
				"LD_RUNPATH_SEARCH_PATHS[sdk=macosx*]" = "@executable_path/../Frameworks";
				MACOSX_DEPLOYMENT_TARGET = 15.7;
				MARKETING_VERSION = 1.0;
				PRODUCT_BUNDLE_IDENTIFIER = com.Leon.Pause;
				PRODUCT_NAME = "$(TARGET_NAME)";
				REGISTER_APP_GROUPS = YES;
				SDKROOT = auto;
				STRING_CATALOG_GENERATE_SYMBOLS = YES;
				SUPPORTED_PLATFORMS = "iphoneos iphonesimulator macosx xros xrsimulator";
				SWIFT_APPROACHABLE_CONCURRENCY = YES;
				SWIFT_DEFAULT_ACTOR_ISOLATION = MainActor;
				SWIFT_EMIT_LOC_STRINGS = YES;
				SWIFT_UPCOMING_FEATURE_MEMBER_IMPORT_VISIBILITY = YES;
				SWIFT_VERSION = 5.0;
				TARGETED_DEVICE_FAMILY = "1,2,7";
				XROS_DEPLOYMENT_TARGET = 26.2;
			};
			name = Debug;
		};
		5A268BFD2F1FAA44008653D3 /* Release */ = {
			isa = XCBuildConfiguration;
			buildSettings = {
				ASSETCATALOG_COMPILER_APPICON_NAME = AppIcon;
				ASSETCATALOG_COMPILER_GLOBAL_ACCENT_COLOR_NAME = AccentColor;
				CODE_SIGN_ENTITLEMENTS = Pause/Pause.entitlements;
				CODE_SIGN_STYLE = Automatic;
				CURRENT_PROJECT_VERSION = 1;
				ENABLE_APP_SANDBOX = YES;
				ENABLE_PREVIEWS = YES;
				ENABLE_USER_SELECTED_FILES = readonly;
				GENERATE_INFOPLIST_FILE = YES;
				"INFOPLIST_KEY_UIApplicationSceneManifest_Generation[sdk=iphoneos*]" = YES;
				"INFOPLIST_KEY_UIApplicationSceneManifest_Generation[sdk=iphonesimulator*]" = YES;
				"INFOPLIST_KEY_UIApplicationSupportsIndirectInputEvents[sdk=iphoneos*]" = YES;
				"INFOPLIST_KEY_UIApplicationSupportsIndirectInputEvents[sdk=iphonesimulator*]" = YES;
				"INFOPLIST_KEY_UILaunchScreen_Generation[sdk=iphoneos*]" = YES;
				"INFOPLIST_KEY_UILaunchScreen_Generation[sdk=iphonesimulator*]" = YES;
				"INFOPLIST_KEY_UIStatusBarStyle[sdk=iphoneos*]" = UIStatusBarStyleDefault;
				"INFOPLIST_KEY_UIStatusBarStyle[sdk=iphonesimulator*]" = UIStatusBarStyleDefault;
				INFOPLIST_KEY_UISupportedInterfaceOrientations_iPad = "UIInterfaceOrientationPortrait UIInterfaceOrientationPortraitUpsideDown UIInterfaceOrientationLandscapeLeft UIInterfaceOrientationLandscapeRight";
				INFOPLIST_KEY_UISupportedInterfaceOrientations_iPhone = "UIInterfaceOrientationPortrait UIInterfaceOrientationLandscapeLeft UIInterfaceOrientationLandscapeRight";
				IPHONEOS_DEPLOYMENT_TARGET = 26.2;
				LD_RUNPATH_SEARCH_PATHS = "@executable_path/Frameworks";
				"LD_RUNPATH_SEARCH_PATHS[sdk=macosx*]" = "@executable_path/../Frameworks";
				MACOSX_DEPLOYMENT_TARGET = 15.7;
				MARKETING_VERSION = 1.0;
				PRODUCT_BUNDLE_IDENTIFIER = com.Leon.Pause;
				PRODUCT_NAME = "$(TARGET_NAME)";
				REGISTER_APP_GROUPS = YES;
				SDKROOT = auto;
				STRING_CATALOG_GENERATE_SYMBOLS = YES;
				SUPPORTED_PLATFORMS = "iphoneos iphonesimulator macosx xros xrsimulator";
				SWIFT_APPROACHABLE_CONCURRENCY = YES;
				SWIFT_DEFAULT_ACTOR_ISOLATION = MainActor;
				SWIFT_EMIT_LOC_STRINGS = YES;
				SWIFT_UPCOMING_FEATURE_MEMBER_IMPORT_VISIBILITY = YES;
				SWIFT_VERSION = 5.0;
				TARGETED_DEVICE_FAMILY = "1,2,7";
				XROS_DEPLOYMENT_TARGET = 26.2;
			};
			name = Release;
		};
		5AEB96A52F1FCF9F0011649C /* Debug */ = {
			isa = XCBuildConfiguration;
			buildSettings = {
				ASSETCATALOG_COMPILER_APPICON_NAME = AppIcon;
				ASSETCATALOG_COMPILER_GLOBAL_ACCENT_COLOR_NAME = AccentColor;
				CODE_SIGN_ENTITLEMENTS = "PauseWatch Watch App/PauseWatch Watch App.entitlements";
				CODE_SIGN_STYLE = Automatic;
				CURRENT_PROJECT_VERSION = 1;
				ENABLE_PREVIEWS = YES;
				GENERATE_INFOPLIST_FILE = YES;
				INFOPLIST_KEY_CFBundleDisplayName = PauseWatch;
				INFOPLIST_KEY_UISupportedInterfaceOrientations = "UIInterfaceOrientationPortrait UIInterfaceOrientationPortraitUpsideDown";
				INFOPLIST_KEY_WKCompanionAppBundleIdentifier = com.Leon.Pause;
				LD_RUNPATH_SEARCH_PATHS = (
					"$(inherited)",
					"@executable_path/Frameworks",
				);
				MARKETING_VERSION = 1.0;
				PRODUCT_BUNDLE_IDENTIFIER = com.Leon.Pause.watchkitapp;
				PRODUCT_NAME = "$(TARGET_NAME)";
				SDKROOT = watchos;
				SKIP_INSTALL = YES;
				STRING_CATALOG_GENERATE_SYMBOLS = YES;
				SWIFT_APPROACHABLE_CONCURRENCY = YES;
				SWIFT_DEFAULT_ACTOR_ISOLATION = MainActor;
				SWIFT_EMIT_LOC_STRINGS = YES;
				SWIFT_UPCOMING_FEATURE_MEMBER_IMPORT_VISIBILITY = YES;
				SWIFT_VERSION = 5.0;
				TARGETED_DEVICE_FAMILY = 4;
				WATCHOS_DEPLOYMENT_TARGET = 26.2;
			};
			name = Debug;
		};
		5AEB96A62F1FCF9F0011649C /* Release */ = {
			isa = XCBuildConfiguration;
			buildSettings = {
				ASSETCATALOG_COMPILER_APPICON_NAME = AppIcon;
				ASSETCATALOG_COMPILER_GLOBAL_ACCENT_COLOR_NAME = AccentColor;
				CODE_SIGN_ENTITLEMENTS = "PauseWatch Watch App/PauseWatch Watch App.entitlements";
				CODE_SIGN_STYLE = Automatic;
				CURRENT_PROJECT_VERSION = 1;
				ENABLE_PREVIEWS = YES;
				GENERATE_INFOPLIST_FILE = YES;
				INFOPLIST_KEY_CFBundleDisplayName = PauseWatch;
				INFOPLIST_KEY_UISupportedInterfaceOrientations = "UIInterfaceOrientationPortrait UIInterfaceOrientationPortraitUpsideDown";
				INFOPLIST_KEY_WKCompanionAppBundleIdentifier = com.Leon.Pause;
				LD_RUNPATH_SEARCH_PATHS = (
					"$(inherited)",
					"@executable_path/Frameworks",
				);
				MARKETING_VERSION = 1.0;
				PRODUCT_BUNDLE_IDENTIFIER = com.Leon.Pause.watchkitapp;
				PRODUCT_NAME = "$(TARGET_NAME)";
				SDKROOT = watchos;
				SKIP_INSTALL = YES;
				STRING_CATALOG_GENERATE_SYMBOLS = YES;
				SWIFT_APPROACHABLE_CONCURRENCY = YES;
				SWIFT_DEFAULT_ACTOR_ISOLATION = MainActor;
				SWIFT_EMIT_LOC_STRINGS = YES;
				SWIFT_UPCOMING_FEATURE_MEMBER_IMPORT_VISIBILITY = YES;
				SWIFT_VERSION = 5.0;
				TARGETED_DEVICE_FAMILY = 4;
				VALIDATE_PRODUCT = YES;
				WATCHOS_DEPLOYMENT_TARGET = 26.2;
			};
			name = Release;
		};
/* End XCBuildConfiguration section */

/* Begin XCConfigurationList section */
		5A268BEB2F1FAA43008653D3 /* Build configuration list for PBXProject "Pause" */ = {
			isa = XCConfigurationList;
			buildConfigurations = (
				5A268BF92F1FAA44008653D3 /* Debug */,
				5A268BFA2F1FAA44008653D3 /* Release */,
			);
			defaultConfigurationIsVisible = 0;
			defaultConfigurationName = Release;
		};
		5A268BFB2F1FAA44008653D3 /* Build configuration list for PBXNativeTarget "Pause" */ = {
			isa = XCConfigurationList;
			buildConfigurations = (
				5A268BFC2F1FAA44008653D3 /* Debug */,
				5A268BFD2F1FAA44008653D3 /* Release */,
			);
			defaultConfigurationIsVisible = 0;
			defaultConfigurationName = Release;
		};
		5AEB96A42F1FCF9F0011649C /* Build configuration list for PBXNativeTarget "PauseWatch Watch App" */ = {
			isa = XCConfigurationList;
			buildConfigurations = (
				5AEB96A52F1FCF9F0011649C /* Debug */,
				5AEB96A62F1FCF9F0011649C /* Release */,
			);
			defaultConfigurationIsVisible = 0;
			defaultConfigurationName = Release;
		};
/* End XCConfigurationList section */
	};
	rootObject = 5A268BE82F1FAA43008653D3 /* Project object */;
}
